PODS:
  - agora_rtc_engine (6.5.1):
    - AgoraIrisRTC_iOS (= 4.5.1-build.1)
    - AgoraRtcEngine_iOS (= 4.5.1)
    - Flutter
  - AgoraInfra_iOS (1.2.13)
  - AgoraIrisRTC_iOS (4.5.1-build.1)
  - AgoraRtcEngine_iOS (4.5.1):
    - AgoraRtcEngine_iOS/AIAEC (= 4.5.1)
    - AgoraRtcEngine_iOS/AIAECLL (= 4.5.1)
    - AgoraRtcEngine_iOS/AINS (= 4.5.1)
    - AgoraRtcEngine_iOS/AINSLL (= 4.5.1)
    - AgoraRtcEngine_iOS/AudioBeauty (= 4.5.1)
    - AgoraRtcEngine_iOS/ClearVision (= 4.5.1)
    - AgoraRtcEngine_iOS/ContentInspect (= 4.5.1)
    - AgoraRtcEngine_iOS/FaceCapture (= 4.5.1)
    - AgoraRtcEngine_iOS/FaceDetection (= 4.5.1)
    - AgoraRtcEngine_iOS/LipSync (= 4.5.1)
    - AgoraRtcEngine_iOS/ReplayKit (= 4.5.1)
    - AgoraRtcEngine_iOS/RtcBasic (= 4.5.1)
    - AgoraRtcEngine_iOS/SpatialAudio (= 4.5.1)
    - AgoraRtcEngine_iOS/VideoAv1CodecDec (= 4.5.1)
    - AgoraRtcEngine_iOS/VideoAv1CodecEnc (= 4.5.1)
    - AgoraRtcEngine_iOS/VideoCodecDec (= 4.5.1)
    - AgoraRtcEngine_iOS/VideoCodecEnc (= 4.5.1)
    - AgoraRtcEngine_iOS/VirtualBackground (= 4.5.1)
    - AgoraRtcEngine_iOS/VQA (= 4.5.1)
  - AgoraRtcEngine_iOS/AIAEC (4.5.1)
  - AgoraRtcEngine_iOS/AIAECLL (4.5.1)
  - AgoraRtcEngine_iOS/AINS (4.5.1)
  - AgoraRtcEngine_iOS/AINSLL (4.5.1)
  - AgoraRtcEngine_iOS/AudioBeauty (4.5.1)
  - AgoraRtcEngine_iOS/ClearVision (4.5.1)
  - AgoraRtcEngine_iOS/ContentInspect (4.5.1)
  - AgoraRtcEngine_iOS/FaceCapture (4.5.1)
  - AgoraRtcEngine_iOS/FaceDetection (4.5.1)
  - AgoraRtcEngine_iOS/LipSync (4.5.1)
  - AgoraRtcEngine_iOS/ReplayKit (4.5.1)
  - AgoraRtcEngine_iOS/RtcBasic (4.5.1):
    - AgoraInfra_iOS (= 1.2.13)
  - AgoraRtcEngine_iOS/SpatialAudio (4.5.1)
  - AgoraRtcEngine_iOS/VideoAv1CodecDec (4.5.1)
  - AgoraRtcEngine_iOS/VideoAv1CodecEnc (4.5.1)
  - AgoraRtcEngine_iOS/VideoCodecDec (4.5.1)
  - AgoraRtcEngine_iOS/VideoCodecEnc (4.5.1)
  - AgoraRtcEngine_iOS/VirtualBackground (4.5.1)
  - AgoraRtcEngine_iOS/VQA (4.5.1)
  - em_chat_callkit (0.0.1):
    - Flutter
  - Flutter (1.0.0)
  - HyphenateChat (4.15.1):
    - AgoraInfra_iOS (= 1.2.13)
  - im_flutter_sdk_ios (4.15.2):
    - Flutter
    - HyphenateChat (= 4.15.1)
  - integration_test (0.0.1):
    - Flutter
  - iris_method_channel (0.0.1):
    - Flutter
  - path_provider_foundation (0.0.1):
    - Flutter
    - FlutterMacOS
  - permission_handler_apple (9.3.0):
    - Flutter

DEPENDENCIES:
  - agora_rtc_engine (from `.symlinks/plugins/agora_rtc_engine/ios`)
  - em_chat_callkit (from `.symlinks/plugins/em_chat_callkit/ios`)
  - Flutter (from `Flutter`)
  - im_flutter_sdk_ios (from `.symlinks/plugins/im_flutter_sdk_ios/ios`)
  - integration_test (from `.symlinks/plugins/integration_test/ios`)
  - iris_method_channel (from `.symlinks/plugins/iris_method_channel/ios`)
  - path_provider_foundation (from `.symlinks/plugins/path_provider_foundation/darwin`)
  - permission_handler_apple (from `.symlinks/plugins/permission_handler_apple/ios`)

SPEC REPOS:
  trunk:
    - AgoraInfra_iOS
    - AgoraIrisRTC_iOS
    - AgoraRtcEngine_iOS
    - HyphenateChat

EXTERNAL SOURCES:
  agora_rtc_engine:
    :path: ".symlinks/plugins/agora_rtc_engine/ios"
  em_chat_callkit:
    :path: ".symlinks/plugins/em_chat_callkit/ios"
  Flutter:
    :path: Flutter
  im_flutter_sdk_ios:
    :path: ".symlinks/plugins/im_flutter_sdk_ios/ios"
  integration_test:
    :path: ".symlinks/plugins/integration_test/ios"
  iris_method_channel:
    :path: ".symlinks/plugins/iris_method_channel/ios"
  path_provider_foundation:
    :path: ".symlinks/plugins/path_provider_foundation/darwin"
  permission_handler_apple:
    :path: ".symlinks/plugins/permission_handler_apple/ios"

SPEC CHECKSUMS:
  agora_rtc_engine: 7434787c0b5284d803c31c726562b8399b8c1744
  AgoraInfra_iOS: 65e11a2183ab7836258768868d06058c22701b13
  AgoraIrisRTC_iOS: dd3d957c25be6bd2b2a5d03fe706ebe8a46909f0
  AgoraRtcEngine_iOS: 5092a058c7b2842db39d8ca614d451af6f84969a
  em_chat_callkit: ca429d670ddcf56cee59b4e6728a958f53f8f510
  Flutter: cabc95a1d2626b1b06e7179b784ebcf0c0cde467
  HyphenateChat: ec813941100d602d24e06b04b867474d634cb39d
  im_flutter_sdk_ios: fafe8d1fc7fb81592d81a88ddcc907042117cf6c
  integration_test: 4a889634ef21a45d28d50d622cf412dc6d9f586e
  iris_method_channel: 7d661cf3259b3009ae423508470dbeb9374446ee
  path_provider_foundation: bb55f6dbba17d0dccd6737fe6f7f34fbd0376880
  permission_handler_apple: 4ed2196e43d0651e8ff7ca3483a069d469701f2d

PODFILE CHECKSUM: 05b9c1f415997b895c0ad8a560bd3a84e6432b81

COCOAPODS: 1.16.2
